
Microsoft Visual Studio Solution File, Format Version 12.00
# Visual Studio 15
VisualStudioVersion = 15.0.27703.2042
MinimumVisualStudioVersion = 10.0.40219.1
Project("{9A19103F-16F7-4668-BE54-9A1E7A4F7556}") = "Cheers", "Cheers\Cheers.csproj", "{24383D29-D311-471E-BF01-813F45F531BB}"
EndProject
Project("{FAE04EC0-301F-11D3-BF4B-00C04F79EFBC}") = "Cheers.DB", "Cheers.DB\Cheers.DB.csproj", "{CCB5E2D3-F847-4C9A-902B-8F3A1D3AA8E3}"
EndProject
Global
	GlobalSection(SolutionConfigurationPlatforms) = preSolution
		Debug|Any CPU = Debug|Any CPU
		Release|Any CPU = Release|Any CPU
	EndGlobalSection
	GlobalSection(ProjectConfigurationPlatforms) = postSolution
		{24383D29-D311-471E-BF01-813F45F531BB}.Debug|Any CPU.ActiveCfg = Debug|Any CPU
		{24383D29-D311-471E-BF01-813F45F531BB}.Debug|Any CPU.Build.0 = Debug|Any CPU
		{24383D29-D311-471E-BF01-813F45F531BB}.Release|Any CPU.ActiveCfg = Release|Any CPU
		{24383D29-D311-471E-BF01-813F45F531BB}.Release|Any CPU.Build.0 = Release|Any CPU
		{CCB5E2D3-F847-4C9A-902B-8F3A1D3AA8E3}.Debug|Any CPU.ActiveCfg = Debug|Any CPU
		{CCB5E2D3-F847-4C9A-902B-8F3A1D3AA8E3}.Debug|Any CPU.Build.0 = Debug|Any CPU
		{CCB5E2D3-F847-4C9A-902B-8F3A1D3AA8E3}.Release|Any CPU.ActiveCfg = Release|Any CPU
		{CCB5E2D3-F847-4C9A-902B-8F3A1D3AA8E3}.Release|Any CPU.Build.0 = Release|Any CPU
	EndGlobalSection
	GlobalSection(SolutionProperties) = preSolution
		HideSolutionNode = FALSE
	EndGlobalSection
	GlobalSection(ExtensibilityGlobals) = postSolution
		SolutionGuid = {AFB260DD-BAE3-499B-AE87-ABEDA9B03304}
	EndGlobalSection
EndGlobal
